{
  "name": "ui",
  "version": "0.0.0",
  "lockfileVersion": 1,
  "requires": true,
  "dependencies": {
    "@alenaksu/json-viewer": {
      "version": "0.0.5",
      "resolved": "https://registry.npmjs.org/@alenaksu/json-viewer/-/json-viewer-0.0.5.tgz",
      "integrity": "sha512-eHdnfBeiTdOW8jR9gmDBSMUvCqhTCpsmlG4z0lSWLN5w7rp740Kkl1sVeEGcSQ7Hyr+LeJot7SjmelNuNkWJ/w==",
      "requires": {
        "@tiny-lit/element": "^2.0.0-alpha.0",
        "@webcomponents/custom-elements": "^1.1.0"
      }
    },
    "@polymer/iron-a11y-announcer": {
      "version": "3.0.2",
      "resolved": "https://registry.npmjs.org/@polymer/iron-a11y-announcer/-/iron-a11y-announcer-3.0.2.tgz",
      "integrity": "sha512-LqnMF39mXyxSSRbTHRzGbcJS8nU0NVTo2raBOgOlpxw5yfGJUVcwaTJ/qy5NtWCZLRfa4suycf0oAkuUjHTXHQ==",
      "requires": {
        "@polymer/polymer": "^3.0.0"
      }
    },
    "@polymer/iron-a11y-keys-behavior": {
      "version": "3.0.1",
      "resolved": "https://registry.npmjs.org/@polymer/iron-a11y-keys-behavior/-/iron-a11y-keys-behavior-3.0.1.tgz",
      "integrity": "sha512-lnrjKq3ysbBPT/74l0Fj0U9H9C35Tpw2C/tpJ8a+5g8Y3YJs1WSZYnEl1yOkw6sEyaxOq/1DkzH0+60gGu5/PQ==",
      "requires": {
        "@polymer/polymer": "^3.0.0"
      }
    },
    "@polymer/iron-flex-layout": {
      "version": "3.0.1",
      "resolved": "https://registry.npmjs.org/@polymer/iron-flex-layout/-/iron-flex-layout-3.0.1.tgz",
      "integrity": "sha512-7gB869czArF+HZcPTVSgvA7tXYFze9EKckvM95NB7SqYF+NnsQyhoXgKnpFwGyo95lUjUW9TFDLUwDXnCYFtkw==",
      "requires": {
        "@polymer/polymer": "^3.0.0"
      }
    },
    "@polymer/iron-icon": {
      "version": "3.0.1",
      "resolved": "https://registry.npmjs.org/@polymer/iron-icon/-/iron-icon-3.0.1.tgz",
      "integrity": "sha512-QLPwirk+UPZNaLnMew9VludXA4CWUCenRewgEcGYwdzVgDPCDbXxy6vRJjmweZobMQv/oVLppT2JZtJFnPxX6g==",
      "requires": {
        "@polymer/iron-flex-layout": "^3.0.0-pre.26",
        "@polymer/iron-meta": "^3.0.0-pre.26",
        "@polymer/polymer": "^3.0.0"
      }
    },
    "@polymer/iron-iconset-svg": {
      "version": "3.0.1",
      "resolved": "https://registry.npmjs.org/@polymer/iron-iconset-svg/-/iron-iconset-svg-3.0.1.tgz",
      "integrity": "sha512-XNwURbNHRw6u2fJe05O5fMYye6GSgDlDqCO+q6K1zAnKIrpgZwf2vTkBd5uCcZwsN0FyCB3mvNZx4jkh85dRDw==",
      "requires": {
        "@polymer/iron-meta": "^3.0.0-pre.26",
        "@polymer/polymer": "^3.0.0"
      }
    },
    "@polymer/iron-meta": {
      "version": "3.0.1",
      "resolved": "https://registry.npmjs.org/@polymer/iron-meta/-/iron-meta-3.0.1.tgz",
      "integrity": "sha512-pWguPugiLYmWFV9UWxLWzZ6gm4wBwQdDy4VULKwdHCqR7OP7u98h+XDdGZsSlDPv6qoryV/e3tGHlTIT0mbzJA==",
      "requires": {
        "@polymer/polymer": "^3.0.0"
      }
    },
    "@polymer/iron-resizable-behavior": {
      "version": "3.0.1",
      "resolved": "https://registry.npmjs.org/@polymer/iron-resizable-behavior/-/iron-resizable-behavior-3.0.1.tgz",
      "integrity": "sha512-FyHxRxFspVoRaeZSWpT3y0C9awomb4tXXolIJcZ7RvXhMP632V5lez+ch5G5SwK0LpnAPkg35eB0LPMFv+YMMQ==",
      "requires": {
        "@polymer/polymer": "^3.0.0"
      }
    },
    "@polymer/iron-scroll-target-behavior": {
      "version": "3.0.1",
      "resolved": "https://registry.npmjs.org/@polymer/iron-scroll-target-behavior/-/iron-scroll-target-behavior-3.0.1.tgz",
      "integrity": "sha512-xg1WanG25BIkQE8rhuReqY9zx1K5M7F+YAIYpswEp5eyDIaZ1Y3vUmVeQ3KG+hiSugzI1M752azXN7kvyhOBcQ==",
      "requires": {
        "@polymer/polymer": "^3.0.0"
      }
    },
    "@polymer/lit-element": {
      "version": "0.7.1",
      "resolved": "https://registry.npmjs.org/@polymer/lit-element/-/lit-element-0.7.1.tgz",
      "integrity": "sha512-aYSzVhC19l7xSm73aHI06VPcD/H+GxpFNZrhbJ+zVIpgAveOgGp5Ga7UtTBHQCdHlJbZ0dMlaBXMZ3twgXCokg==",
      "requires": {
        "lit-html": "^1.0.0-rc.2"
      }
    },
    "@polymer/polymer": {
      "version": "3.3.0",
      "resolved": "https://registry.npmjs.org/@polymer/polymer/-/polymer-3.3.0.tgz",
      "integrity": "sha512-rij7suomS7DxdBamnwr/Xa0V5hpypf7I9oYKseF2FWz5Xh2a3wJNpVjgJy1adXVCxqIyPhghsrthnfCt7EblsQ==",
      "requires": {
        "@webcomponents/shadycss": "^1.9.1"
      }
    },
    "@tiny-lit/core": {
      "version": "2.0.0-alpha.0",
      "resolved": "https://registry.npmjs.org/@tiny-lit/core/-/core-2.0.0-alpha.0.tgz",
      "integrity": "sha512-AkEkB39dSER7TuqAtWirnpSCjZp6+IQk8/6ym3H4RfN8IaRa3/I6K05fYZtnrjOKJN2qdAYC9Ul4ErDFVb0QQg=="
    },
    "@tiny-lit/element": {
      "version": "2.0.0-alpha.0",
      "resolved": "https://registry.npmjs.org/@tiny-lit/element/-/element-2.0.0-alpha.0.tgz",
      "integrity": "sha512-IkcqKzLFYv63J086I3gKjtevYfrr/oH3jEt3rkpsFhdpQiQpKdxMqEMVITDl69l1tF5uQiasvGG2d26lVq/9AQ==",
      "requires": {
        "@tiny-lit/core": "^2.0.0-alpha.0"
      }
    },
    "@vaadin/vaadin-checkbox": {
      "version": "2.2.10",
      "resolved": "https://registry.npmjs.org/@vaadin/vaadin-checkbox/-/vaadin-checkbox-2.2.10.tgz",
      "integrity": "sha512-eRJakdHnheemwoed0FeSVYkksuzOeArUUYpmLWesb+AMUoVeOMswbR21BmAEPOOqLWOeSXXbCfNMmqvidNNTQw==",
      "requires": {
        "@polymer/polymer": "^3.0.0",
        "@vaadin/vaadin-control-state-mixin": "^2.1.1",
        "@vaadin/vaadin-element-mixin": "^2.0.0",
        "@vaadin/vaadin-lumo-styles": "^1.2.0",
        "@vaadin/vaadin-material-styles": "^1.2.0",
        "@vaadin/vaadin-themable-mixin": "^1.2.1"
      }
    },
    "@vaadin/vaadin-control-state-mixin": {
      "version": "2.1.3",
      "resolved": "https://registry.npmjs.org/@vaadin/vaadin-control-state-mixin/-/vaadin-control-state-mixin-2.1.3.tgz",
      "integrity": "sha512-EtLfMN9i/gwToAEuW6E1OA2Q2i/4a+Il6tKkqE/0i7bgu3Xr1IITMcagQn9QSsp1Xkpr/nLtWWKRq7yZZkbHVg==",
      "requires": {
        "@polymer/polymer": "^3.0.0"
      }
    },
    "@vaadin/vaadin-development-mode-detector": {
      "version": "2.0.4",
      "resolved": "https://registry.npmjs.org/@vaadin/vaadin-development-mode-detector/-/vaadin-development-mode-detector-2.0.4.tgz",
      "integrity": "sha512-S+PaFrZpK8uBIOnIHxjntTrgumd5ztuCnZww96ydGKXgo9whXfZsbMwDuD/102a/IuPUMyF+dh/n3PbWzJ6igA=="
    },
    "@vaadin/vaadin-element-mixin": {
      "version": "2.1.3",
      "resolved": "https://registry.npmjs.org/@vaadin/vaadin-element-mixin/-/vaadin-element-mixin-2.1.3.tgz",
      "integrity": "sha512-tCEdrS5JMIl9ZsyjnV28XI2AFLC35RUWRF6XPrvm/MpKAxWLk1MlYrkwR26avOuSqvNwCBO56NIDN2k1yYC4eA==",
      "requires": {
        "@polymer/polymer": "^3.0.0",
        "@vaadin/vaadin-development-mode-detector": "^2.0.0",
        "@vaadin/vaadin-usage-statistics": "^2.0.2"
      }
    },
    "@vaadin/vaadin-grid": {
      "version": "5.4.8",
      "resolved": "https://registry.npmjs.org/@vaadin/vaadin-grid/-/vaadin-grid-5.4.8.tgz",
      "integrity": "sha512-1N7sNM5WkPk0JjGGBaaGn3GanJpkE6ysUsUephqmBJSMFa3xLq2iGslxKeKUMOjbijSw5085rAvzLnDbjDJUCA==",
      "requires": {
        "@polymer/iron-a11y-announcer": "^3.0.0",
        "@polymer/iron-a11y-keys-behavior": "^3.0.0",
        "@polymer/iron-resizable-behavior": "^3.0.0",
        "@polymer/iron-scroll-target-behavior": "^3.0.0",
        "@polymer/polymer": "^3.0.0",
        "@vaadin/vaadin-checkbox": "^2.2.1",
        "@vaadin/vaadin-element-mixin": "^2.1.1",
        "@vaadin/vaadin-lumo-styles": "^1.1.1",
        "@vaadin/vaadin-material-styles": "^1.1.1",
        "@vaadin/vaadin-text-field": "^2.1.1",
        "@vaadin/vaadin-themable-mixin": "^1.2.1"
      }
    },
    "@vaadin/vaadin-item": {
      "version": "2.1.1",
      "resolved": "https://registry.npmjs.org/@vaadin/vaadin-item/-/vaadin-item-2.1.1.tgz",
      "integrity": "sha512-uWwsSDoOtjiiHjmEANP29JMacJoSeO5kHCTYyqdVu0fQoT6WalLV1aQWIEJUmVSp2MnB3qRziYpAw3igF9uXxw==",
      "requires": {
        "@polymer/polymer": "^3.0.0",
        "@vaadin/vaadin-lumo-styles": "^1.1.0",
        "@vaadin/vaadin-material-styles": "^1.1.0",
        "@vaadin/vaadin-themable-mixin": "^1.2.1"
      }
    },
    "@vaadin/vaadin-list-box": {
      "version": "1.1.1",
      "resolved": "https://registry.npmjs.org/@vaadin/vaadin-list-box/-/vaadin-list-box-1.1.1.tgz",
      "integrity": "sha512-EW6AYpu1sykIZSpezevsKG31exE4fzCJyjyKXSUxK6stxoGcZ9A7G5Q/yrgG4vwImKgAzSIvP8ZA6BFgW5ssow==",
      "requires": {
        "@polymer/polymer": "^3.0.0",
        "@vaadin/vaadin-element-mixin": "^2.0.0",
        "@vaadin/vaadin-item": "^2.1.0",
        "@vaadin/vaadin-list-mixin": "^2.1.0",
        "@vaadin/vaadin-lumo-styles": "^1.1.0",
        "@vaadin/vaadin-material-styles": "^1.1.0",
        "@vaadin/vaadin-themable-mixin": "^1.2.1"
      }
    },
    "@vaadin/vaadin-list-mixin": {
      "version": "2.2.1",
      "resolved": "https://registry.npmjs.org/@vaadin/vaadin-list-mixin/-/vaadin-list-mixin-2.2.1.tgz",
      "integrity": "sha512-63WuVvcai+sLbjPlBmjvI8O9obUCGKDDJwzPBmAaAv3EemyBwaavcBTpDkfWKEJAWU3tCFQmk4MSFsa3ZUCc0Q==",
      "requires": {
        "@polymer/polymer": "^3.0.0"
      }
    },
    "@vaadin/vaadin-lumo-styles": {
      "version": "1.5.0",
      "resolved": "https://registry.npmjs.org/@vaadin/vaadin-lumo-styles/-/vaadin-lumo-styles-1.5.0.tgz",
      "integrity": "sha512-9e9n7rH5IlzsAhRWvBt6C8roXbdNILKyKMJPwbN9I6zsPwzFhG5y2y5IY59Q5Ijj8aXvHuLV+Icjogc+2KU5fg==",
      "requires": {
        "@polymer/iron-icon": "^3.0.0",
        "@polymer/iron-iconset-svg": "^3.0.0",
        "@polymer/polymer": "^3.0.0"
      }
    },
    "@vaadin/vaadin-material-styles": {
      "version": "1.2.3",
      "resolved": "https://registry.npmjs.org/@vaadin/vaadin-material-styles/-/vaadin-material-styles-1.2.3.tgz",
      "integrity": "sha512-hWtnfNPANPU3UJmyIXuu2pH8R60LtnUzTZ0o2lupvxyc5IR0qFZMnB1m0xQBdBTje44xxCRaHeJATrwpzsOeMQ==",
      "requires": {
        "@polymer/polymer": "^3.0.0"
      }
    },
    "@vaadin/vaadin-tabs": {
      "version": "3.0.4",
      "resolved": "https://registry.npmjs.org/@vaadin/vaadin-tabs/-/vaadin-tabs-3.0.4.tgz",
      "integrity": "sha512-FOVIec1BTT4THmsKX1cnTjQxHiYCxT9k/3q/ApL89mjrxW+dSvQnrVpadShh43x7omItOWyI1BsDx2zHcA/PEQ==",
      "requires": {
        "@polymer/iron-resizable-behavior": "^3.0.0",
        "@polymer/polymer": "^3.0.0",
        "@vaadin/vaadin-element-mixin": "^2.0.0",
        "@vaadin/vaadin-item": "^2.1.0",
        "@vaadin/vaadin-list-mixin": "^2.1.0",
        "@vaadin/vaadin-lumo-styles": "^1.1.0",
        "@vaadin/vaadin-material-styles": "^1.1.0",
        "@vaadin/vaadin-themable-mixin": "^1.2.1"
      }
    },
    "@vaadin/vaadin-text-field": {
      "version": "2.4.11",
      "resolved": "https://registry.npmjs.org/@vaadin/vaadin-text-field/-/vaadin-text-field-2.4.11.tgz",
      "integrity": "sha512-3AOfU7WBQjqQTnPS9SiVAXcTYmYWoKYciwEeWpRNfr+njrzy5ymQZlCUz1dfzF5+zVaz6W4Cbxd76TbTmQn68w==",
      "requires": {
        "@polymer/polymer": "^3.0.0",
        "@vaadin/vaadin-control-state-mixin": "^2.1.1",
        "@vaadin/vaadin-element-mixin": "^2.0.0",
        "@vaadin/vaadin-lumo-styles": "^1.2.0",
        "@vaadin/vaadin-material-styles": "^1.2.0",
        "@vaadin/vaadin-themable-mixin": "^1.2.1"
      }
    },
    "@vaadin/vaadin-themable-mixin": {
      "version": "1.4.4",
      "resolved": "https://registry.npmjs.org/@vaadin/vaadin-themable-mixin/-/vaadin-themable-mixin-1.4.4.tgz",
      "integrity": "sha512-S/zN0DvSQ3cy1PdH0Dfa2yQirIFQKWCC3o0YdBzrKVCGvi5QW8+IqBTDFKnIaOfWjYoHsw2eunWcg9pu2jlI1Q==",
      "requires": {
        "@polymer/polymer": "^3.0.0"
      }
    },
    "@vaadin/vaadin-usage-statistics": {
      "version": "2.0.10",
      "resolved": "https://registry.npmjs.org/@vaadin/vaadin-usage-statistics/-/vaadin-usage-statistics-2.0.10.tgz",
      "integrity": "sha512-j8bD1Ecl/UB3a2lgzS3j8nh/X2jfA38Pg74vTSepyE6OgzFggjWIyWrlrnQScQik5PkjHByKW4Cj33Rpt2Zm8g==",
      "requires": {
        "@vaadin/vaadin-development-mode-detector": "^2.0.0"
      }
    },
    "@webcomponents/custom-elements": {
      "version": "1.2.4",
      "resolved": "https://registry.npmjs.org/@webcomponents/custom-elements/-/custom-elements-1.2.4.tgz",
      "integrity": "sha512-WiTlgz6/kuwajYIcgyq64rSlCtb2AvbxwwrExP3wr6rKbJ72I3hi/sb4KdGUumfC+isDn2F0btZGk4MnWpyO1Q=="
    },
    "@webcomponents/shadycss": {
      "version": "1.9.1",
      "resolved": "https://registry.npmjs.org/@webcomponents/shadycss/-/shadycss-1.9.1.tgz",
      "integrity": "sha512-IaZOnWOKXHghqk/WfPNDRIgDBi3RsVPY2IFAw6tYiL9UBGvQRy5R6uC+Fk7qTZsReTJ0xh5MTT8yAcb3MUR4mQ=="
    },
    "lit-html": {
      "version": "1.1.2",
      "resolved": "https://registry.npmjs.org/lit-html/-/lit-html-1.1.2.tgz",
      "integrity": "sha512-FFlUMKHKi+qG1x1iHNZ1hrtc/zHmfYTyrSvs3/wBTvaNtpZjOZGWzU7efGYVpgp6KvWeKF6ql9/KsCq6Z/mEDA=="
    },
    "navigo": {
      "version": "7.1.2",
      "resolved": "https://registry.npmjs.org/navigo/-/navigo-7.1.2.tgz",
      "integrity": "sha512-OlhxHxhLM62X0Sjbkp5wlm1V6GpOIKShFu7dS/fDS3cVqzMHYS880LT5tu6JjGkrSYQbtCNDADmRIP47MoVGlA=="
    }
  }
}
